
Microsoft Visual Studio Solution File, Format Version 12.00
# Visual Studio Version 16
VisualStudioVersion = 16.0.29418.71
MinimumVisualStudioVersion = 10.0.40219.1
Project("{FAE04EC0-301F-11D3-BF4B-00C04F79EFBC}") = "CoreWorkShopPractice", "CoreWorkShopPractice\CoreWorkShopPractice.csproj", "{6B70ED6B-FEAA-4B43-AF34-1192A51BEEE4}"
EndProject
Project("{FAE04EC0-301F-11D3-BF4B-00C04F79EFBC}") = "TimeTracker", "src\TimeTracker\TimeTracker.csproj", "{6BFBC384-23EB-4CD5-B155-B1D442691FB8}"
EndProject
Global
	GlobalSection(SolutionConfigurationPlatforms) = preSolution
		Debug|Any CPU = Debug|Any CPU
		Release|Any CPU = Release|Any CPU
	EndGlobalSection
	GlobalSection(ProjectConfigurationPlatforms) = postSolution
		{6B70ED6B-FEAA-4B43-AF34-1192A51BEEE4}.Debug|Any CPU.ActiveCfg = Debug|Any CPU
		{6B70ED6B-FEAA-4B43-AF34-1192A51BEEE4}.Debug|Any CPU.Build.0 = Debug|Any CPU
		{6B70ED6B-FEAA-4B43-AF34-1192A51BEEE4}.Release|Any CPU.ActiveCfg = Release|Any CPU
		{6B70ED6B-FEAA-4B43-AF34-1192A51BEEE4}.Release|Any CPU.Build.0 = Release|Any CPU
		{6BFBC384-23EB-4CD5-B155-B1D442691FB8}.Debug|Any CPU.ActiveCfg = Debug|Any CPU
		{6BFBC384-23EB-4CD5-B155-B1D442691FB8}.Debug|Any CPU.Build.0 = Debug|Any CPU
		{6BFBC384-23EB-4CD5-B155-B1D442691FB8}.Release|Any CPU.ActiveCfg = Release|Any CPU
		{6BFBC384-23EB-4CD5-B155-B1D442691FB8}.Release|Any CPU.Build.0 = Release|Any CPU
	EndGlobalSection
	GlobalSection(SolutionProperties) = preSolution
		HideSolutionNode = FALSE
	EndGlobalSection
	GlobalSection(ExtensibilityGlobals) = postSolution
		SolutionGuid = {0C3B9315-F25B-49C1-AC38-AAF7B556520F}
	EndGlobalSection
EndGlobal
